<?xml version="1.0" encoding="utf-8"?>
<Project ToolsVersion="4.0" xmlns="http://schemas.microsoft.com/developer/msbuild/2003">
  <ItemGroup>
    <Filter Include="Source Files">
      <UniqueIdentifier>{4FC737F1-C7A5-4376-A066-2A32D752A2FF}</UniqueIdentifier>
      <Extensions>cpp;c;cc;cxx;def;odl;idl;hpj;bat;asm;asmx</Extensions>
    </Filter>
    <Filter Include="Header Files">
      <UniqueIdentifier>{93995380-89BD-4b04-88EB-625FBE52EBFB}</UniqueIdentifier>
      <Extensions>h;hh;hpp;hxx;hm;inl;inc;xsd</Extensions>
    </Filter>
    <Filter Include="Resource Files">
      <UniqueIdentifier>{67DA6AB6-F800-4c08-8B7A-83BB121AAD01}</UniqueIdentifier>
      <Extensions>rc;ico;cur;bmp;dlg;rc2;rct;bin;rgs;gif;jpg;jpeg;jpe;resx;tiff;tif;png;wav;mfcribbon-ms</Extensions>
    </Filter>
    <Filter Include="Resource Files\Shaders">
      <UniqueIdentifier>{9bc70378-f91a-4a2d-be76-e80e1932675d}</UniqueIdentifier>
    </Filter>
    <Filter Include="Source Files\C/C++">
      <UniqueIdentifier>{5044934d-b135-488a-8dcd-65b6989c8b90}</UniqueIdentifier>
    </Filter>
    <Filter Include="Source Files\CUDA">
      <UniqueIdentifier>{2bd7391d-ccdb-434c-a3cb-4a7d3b5f1122}</UniqueIdentifier>
    </Filter>
    <Filter Include="Header Files\C/C++">
      <UniqueIdentifier>{dbe6272b-ab2d-4989-82e9-a0e2396bf75b}</UniqueIdentifier>
    </Filter>
    <Filter Include="Header Files\CUDA">
      <UniqueIdentifier>{abae813c-2a8b-4677-9594-c2758171b848}</UniqueIdentifier>
    </Filter>
    <Filter Include="Resource Files\Models">
      <UniqueIdentifier>{877ee033-822c-4887-9266-361709415881}</UniqueIdentifier>
    </Filter>
  </ItemGroup>
  <ItemGroup>
    <ClCompile Include="CUGL.cpp">
      <Filter>Source Files\C/C++</Filter>
    </ClCompile>
    <ClCompile Include="GLContext.cpp">
      <Filter>Source Files\C/C++</Filter>
    </ClCompile>
    <ClCompile Include="main.cpp">
      <Filter>Source Files\C/C++</Filter>
    </ClCompile>
    <ClCompile Include="Shader.cpp">
      <Filter>Source Files\C/C++</Filter>
    </ClCompile>
    <ClCompile Include="Utilities.cpp">
      <Filter>Source Files\C/C++</Filter>
    </ClCompile>
    <ClCompile Include="DrawableSurface.cpp">
      <Filter>Source Files\C/C++</Filter>
    </ClCompile>
    <ClCompile Include="kernel.cu">
      <Filter>Source Files\CUDA</Filter>
    </ClCompile>
  </ItemGroup>
  <ItemGroup>
    <ClInclude Include="CUGL.h">
      <Filter>Header Files\C/C++</Filter>
    </ClInclude>
    <ClInclude Include="GLContext.h">
      <Filter>Header Files\C/C++</Filter>
    </ClInclude>
    <ClInclude Include="Shader.h">
      <Filter>Header Files\C/C++</Filter>
    </ClInclude>
    <ClInclude Include="Utilities.h">
      <Filter>Header Files\C/C++</Filter>
    </ClInclude>
    <ClInclude Include="DrawableSurface.h">
      <Filter>Header Files\C/C++</Filter>
    </ClInclude>
    <ClInclude Include="Kernel.h">
      <Filter>Header Files\CUDA</Filter>
    </ClInclude>
  </ItemGroup>
  <ItemGroup>
    <None Include="packages.config" />
    <None Include="Colour.frag">
      <Filter>Resource Files\Shaders</Filter>
    </None>
  </ItemGroup>
  <ItemGroup>
    <Text Include="Colour.vert">
      <Filter>Resource Files\Shaders</Filter>
    </Text>
  </ItemGroup>
</Project>